
Microsoft Visual Studio Solution File, Format Version 12.00
# Visual Studio Version 17
VisualStudioVersion = 17.4.33110.190
MinimumVisualStudioVersion = 10.0.40219.1
Project("{9A19103F-16F7-4668-BE54-9A1E7A4F7556}") = "RestaurantAPI", "RestaurantAPI\RestaurantAPI.csproj", "{5849FEA7-01BA-48E4-967E-6BF794D79AB6}"
EndProject
Global
	GlobalSection(SolutionConfigurationPlatforms) = preSolution
		Debug|Any CPU = Debug|Any CPU
		Release|Any CPU = Release|Any CPU
	EndGlobalSection
	GlobalSection(ProjectConfigurationPlatforms) = postSolution
		{5849FEA7-01BA-48E4-967E-6BF794D79AB6}.Debug|Any CPU.ActiveCfg = Debug|Any CPU
		{5849FEA7-01BA-48E4-967E-6BF794D79AB6}.Debug|Any CPU.Build.0 = Debug|Any CPU
		{5849FEA7-01BA-48E4-967E-6BF794D79AB6}.Release|Any CPU.ActiveCfg = Release|Any CPU
		{5849FEA7-01BA-48E4-967E-6BF794D79AB6}.Release|Any CPU.Build.0 = Release|Any CPU
	EndGlobalSection
	GlobalSection(SolutionProperties) = preSolution
		HideSolutionNode = FALSE
	EndGlobalSection
	GlobalSection(ExtensibilityGlobals) = postSolution
		SolutionGuid = {7D43F648-C417-4C34-B941-19B03B3A8FC2}
	EndGlobalSection
EndGlobal
